#MicroXplorer Configuration settings - do not modify
Mcu.Family=STM32WL
ProjectManager.MainLocation=Core/Src
VP_SUBGHZ_VS_SUBGHZ.Signal=SUBGHZ_VS_SUBGHZ
RCC.PLLQoutputFreq_Value=16000000
ProjectManager.ProjectFileName=stm32wle5c8u6.ioc
USART2.IPParameters=VirtualMode-Asynchronous
ProjectManager.KeepUserCode=true
Mcu.UserName=STM32WLE5C8Ux
Mcu.PinsNb=8
ProjectManager.NoMain=false
PCC.SUBGHZ.OptionalSettings=false
ProjectManager.functionlistsort=1-MX_GPIO_Init-GPIO-false-HAL-true,2-SystemClock_Config-RCC-false-HAL-false,3-MX_SUBGHZ_Init-SUBGHZ-false-HAL-true,4-MX_USART1_UART_Init-USART1-false-HAL-true
ProjectManager.DefaultFWLocation=true
PCC.SUBGHZ.RxBoosted=false
ProjectManager.DeletePrevious=true
USART1.IPParameters=VirtualMode-Asynchronous
VP_SUBGHZ_VS_SUBGHZ.Mode=SUBGHZ_Activate
PinOutPanel.RotationAngle=0
RCC.FamilyName=M
ProjectManager.StackSize=0x400
PCC.SUBGHZ.Output.Power=14
USART1.VirtualMode-Asynchronous=VM_ASYNC
PA3.Mode=Asynchronous
Mcu.IP4=USART1
Mcu.IP5=USART2
PCC.SUBGHZ.FrequencyBand=High
Mcu.IP2=SUBGHZ
NVIC.SVCall_IRQn=true\:0\:0\:false\:false\:true\:false\:false
Mcu.IP3=SYS
Mcu.IP0=NVIC
Mcu.IP1=RCC
Mcu.UserConstants=
ProjectManager.TargetToolchain=STM32CubeIDE
Mcu.ThirdPartyNb=0
Mcu.IPNb=6
ProjectManager.PreviousToolchain=
PB6.Signal=USART1_TX
PB6.Mode=Asynchronous
Mcu.Pin6=VP_SUBGHZ_VS_SUBGHZ
Mcu.Pin7=VP_SYS_VS_Systick
ProjectManager.RegisterCallBack=
OSC_IN.Signal=RCC_OSC_IN
OSC_OUT.Mode=HSE-External-Oscillator
RCC.LSE_VALUE=32768
OSC_OUT.Signal=RCC_OSC_OUT
Mcu.Pin0=PB6
Mcu.Pin1=PB7
Mcu.Pin2=PA2
Mcu.Pin3=PA3
Mcu.Pin4=OSC_IN
Mcu.Pin5=OSC_OUT
ProjectManager.ProjectBuild=false
RCC.HSE_VALUE=8000000
NVIC.UsageFault_IRQn=true\:0\:0\:false\:false\:true\:false\:false
NVIC.DebugMonitor_IRQn=true\:0\:0\:false\:false\:true\:false\:false
board=custom
USART2.VirtualMode-Asynchronous=VM_ASYNC
RCC.VCOOutputFreq_Value=32000000
NVIC.SysTick_IRQn=true\:0\:0\:false\:false\:true\:false\:true
ProjectManager.LastFirmware=true
PCC.SUBGHZ.SMPS=Off
ProjectManager.FirmwarePackage=STM32Cube FW_WL V1.0.0
MxDb.Version=DB.6.0.20
ProjectManager.BackupPrevious=false
MxCube.Version=6.2.0
RCC.VCOInputFreq_Value=4000000
RCC.RNGFreq_Value=32000
File.Version=6
VP_SYS_VS_Systick.Mode=SysTick
PB7.Signal=USART1_RX
NVIC.NonMaskableInt_IRQn=true\:0\:0\:false\:false\:true\:false\:false
RCC.PLLRCLKFreq_Value=16000000
NVIC.PendSV_IRQn=true\:0\:0\:false\:false\:true\:false\:false
ProjectManager.FreePins=false
RCC.IPParameters=FamilyName,HSE_VALUE,HSI_VALUE,I2S2Freq_Value,LSCOPinFreq_Value,LSE_VALUE,PLLPoutputFreq_Value,PLLQoutputFreq_Value,PLLRCLKFreq_Value,RNGFreq_Value,VCOInputFreq_Value,VCOOutputFreq_Value
ProjectManager.AskForMigrate=true
Mcu.Name=STM32WLE5C8Ux
ProjectManager.HalAssertFull=false
PA2.Signal=USART2_TX
ProjectManager.ProjectName=stm32wle5c8u6
ProjectManager.UnderRoot=true
ProjectManager.CoupleFile=false
Mcu.Package=UFQFPN48
RCC.I2S2Freq_Value=16000000
NVIC.ForceEnableDMAVector=true
KeepUserPlacement=false
OSC_IN.Mode=HSE-External-Oscillator
NVIC.MemoryManagement_IRQn=true\:0\:0\:false\:false\:true\:false\:false
ProjectManager.CompilerOptimize=6
ProjectManager.ToolChainLocation=
VP_SYS_VS_Systick.Signal=SYS_VS_Systick
PB7.Mode=Asynchronous
RCC.LSCOPinFreq_Value=32000
ProjectManager.HeapSize=0x200
PCC.SUBGHZ.Modulation=FSK
NVIC.HardFault_IRQn=true\:0\:0\:false\:false\:true\:false\:false
ProjectManager.ComputerToolchain=false
RCC.HSI_VALUE=16000000
NVIC.PriorityGroup=NVIC_PRIORITYGROUP_4
RCC.PLLPoutputFreq_Value=16000000
PA2.Mode=Asynchronous
NVIC.BusFault_IRQn=true\:0\:0\:false\:false\:true\:false\:false
ProjectManager.CustomerFirmwarePackage=
ProjectManager.DeviceId=STM32WLE5C8Ux
ProjectManager.LibraryCopy=1
PCC.SUBGHZ.PowerAmplifier=Low Power
PA3.Signal=USART2_RX
isbadioc=false
